// !$*UTF8*$!
{
	archiveVersion = 1;
	classes = {
	};
	objectVersion = 50;
	objects = {

/* Begin PBXBuildFile section */
		A1173EDC26155C3E0047B355 /* EmojiArt.swift in Sources */ = {isa = PBXBuildFile; fileRef = A1173EDB26155C3E0047B355 /* EmojiArt.swift */; };
		A11AD1802626588500B43252 /* OptionalImage.swift in Sources */ = {isa = PBXBuildFile; fileRef = A11AD17F2626588500B43252 /* OptionalImage.swift */; };
		A11AD18326267B1D00B43252 /* AnimatableSystemFontModifier.swift in Sources */ = {isa = PBXBuildFile; fileRef = A11AD18226267B1D00B43252 /* AnimatableSystemFontModifier.swift */; };
		A1270AA426304D6900E77FAB /* PalleteChooser.swift in Sources */ = {isa = PBXBuildFile; fileRef = A1270AA326304D6900E77FAB /* PalleteChooser.swift */; };
		A1270AA72630542600E77FAB /* EmojiArtDocumentPalette.swift in Sources */ = {isa = PBXBuildFile; fileRef = A1270AA62630542600E77FAB /* EmojiArtDocumentPalette.swift */; };
		A14FBB282638F566001860F0 /* Grid.swift in Sources */ = {isa = PBXBuildFile; fileRef = A14FBB262638F565001860F0 /* Grid.swift */; };
		A14FBB292638F566001860F0 /* GridLayout.swift in Sources */ = {isa = PBXBuildFile; fileRef = A14FBB272638F566001860F0 /* GridLayout.swift */; };
		A19CE223262F9FBC00ABA091 /* Spinning.swift in Sources */ = {isa = PBXBuildFile; fileRef = A19CE222262F9FBC00ABA091 /* Spinning.swift */; };
		A1E6C828263B7C6000AE2966 /* EditableText.swift in Sources */ = {isa = PBXBuildFile; fileRef = A1E6C827263B7C6000AE2966 /* EditableText.swift */; };
		A1E6C82B263B7C6B00AE2966 /* EmojiArtDocumentStore.swift in Sources */ = {isa = PBXBuildFile; fileRef = A1E6C82A263B7C6B00AE2966 /* EmojiArtDocumentStore.swift */; };
		A1E6C82E263B867600AE2966 /* EmojiArtDocumentChooser.swift in Sources */ = {isa = PBXBuildFile; fileRef = A1E6C82D263B867600AE2966 /* EmojiArtDocumentChooser.swift */; };
		A1E7C9EA2612AD050023C4DE /* EmojiArtApp.swift in Sources */ = {isa = PBXBuildFile; fileRef = A1E7C9E92612AD050023C4DE /* EmojiArtApp.swift */; };
		A1E7C9EC2612AD050023C4DE /* EmojiArtDocumentView.swift in Sources */ = {isa = PBXBuildFile; fileRef = A1E7C9EB2612AD050023C4DE /* EmojiArtDocumentView.swift */; };
		A1E7C9EE2612AD070023C4DE /* Assets.xcassets in Resources */ = {isa = PBXBuildFile; fileRef = A1E7C9ED2612AD070023C4DE /* Assets.xcassets */; };
		A1E7C9F12612AD070023C4DE /* Preview Assets.xcassets in Resources */ = {isa = PBXBuildFile; fileRef = A1E7C9F02612AD070023C4DE /* Preview Assets.xcassets */; };
		A1E7C9FA2612AEA40023C4DE /* EmojiArtDocument.swift in Sources */ = {isa = PBXBuildFile; fileRef = A1E7C9F92612AEA40023C4DE /* EmojiArtDocument.swift */; };
		A1FBFB3E2616550C001965C9 /* EmojiArtExtensions.swift in Sources */ = {isa = PBXBuildFile; fileRef = A1FBFB3D2616550B001965C9 /* EmojiArtExtensions.swift */; };
/* End PBXBuildFile section */

/* Begin PBXFileReference section */
		A1173EDB26155C3E0047B355 /* EmojiArt.swift */ = {isa = PBXFileReference; lastKnownFileType = sourcecode.swift; path = EmojiArt.swift; sourceTree = "<group>"; };
		A11AD17F2626588500B43252 /* OptionalImage.swift */ = {isa = PBXFileReference; lastKnownFileType = sourcecode.swift; path = OptionalImage.swift; sourceTree = "<group>"; };
		A11AD18226267B1D00B43252 /* AnimatableSystemFontModifier.swift */ = {isa = PBXFileReference; lastKnownFileType = sourcecode.swift; path = AnimatableSystemFontModifier.swift; sourceTree = "<group>"; };
		A1270AA326304D6900E77FAB /* PalleteChooser.swift */ = {isa = PBXFileReference; lastKnownFileType = sourcecode.swift; path = PalleteChooser.swift; sourceTree = "<group>"; };
		A1270AA62630542600E77FAB /* EmojiArtDocumentPalette.swift */ = {isa = PBXFileReference; fileEncoding = 4; lastKnownFileType = sourcecode.swift; path = EmojiArtDocumentPalette.swift; sourceTree = "<group>"; };
		A14FBB262638F565001860F0 /* Grid.swift */ = {isa = PBXFileReference; fileEncoding = 4; lastKnownFileType = sourcecode.swift; path = Grid.swift; sourceTree = "<group>"; };
		A14FBB272638F566001860F0 /* GridLayout.swift */ = {isa = PBXFileReference; fileEncoding = 4; lastKnownFileType = sourcecode.swift; path = GridLayout.swift; sourceTree = "<group>"; };
		A19CE222262F9FBC00ABA091 /* Spinning.swift */ = {isa = PBXFileReference; lastKnownFileType = sourcecode.swift; path = Spinning.swift; sourceTree = "<group>"; };
		A1E6C827263B7C6000AE2966 /* EditableText.swift */ = {isa = PBXFileReference; fileEncoding = 4; lastKnownFileType = sourcecode.swift; path = EditableText.swift; sourceTree = "<group>"; };
		A1E6C82A263B7C6B00AE2966 /* EmojiArtDocumentStore.swift */ = {isa = PBXFileReference; fileEncoding = 4; lastKnownFileType = sourcecode.swift; path = EmojiArtDocumentStore.swift; sourceTree = "<group>"; };
		A1E6C82D263B867600AE2966 /* EmojiArtDocumentChooser.swift */ = {isa = PBXFileReference; lastKnownFileType = sourcecode.swift; path = EmojiArtDocumentChooser.swift; sourceTree = "<group>"; };
		A1E7C9E62612AD050023C4DE /* EmojiArt.app */ = {isa = PBXFileReference; explicitFileType = wrapper.application; includeInIndex = 0; path = EmojiArt.app; sourceTree = BUILT_PRODUCTS_DIR; };
		A1E7C9E92612AD050023C4DE /* EmojiArtApp.swift */ = {isa = PBXFileReference; lastKnownFileType = sourcecode.swift; path = EmojiArtApp.swift; sourceTree = "<group>"; };
		A1E7C9EB2612AD050023C4DE /* EmojiArtDocumentView.swift */ = {isa = PBXFileReference; lastKnownFileType = sourcecode.swift; path = EmojiArtDocumentView.swift; sourceTree = "<group>"; };
		A1E7C9ED2612AD070023C4DE /* Assets.xcassets */ = {isa = PBXFileReference; lastKnownFileType = folder.assetcatalog; path = Assets.xcassets; sourceTree = "<group>"; };
		A1E7C9F02612AD070023C4DE /* Preview Assets.xcassets */ = {isa = PBXFileReference; lastKnownFileType = folder.assetcatalog; path = "Preview Assets.xcassets"; sourceTree = "<group>"; };
		A1E7C9F22612AD070023C4DE /* Info.plist */ = {isa = PBXFileReference; lastKnownFileType = text.plist.xml; path = Info.plist; sourceTree = "<group>"; };
		A1E7C9F92612AEA40023C4DE /* EmojiArtDocument.swift */ = {isa = PBXFileReference; lastKnownFileType = sourcecode.swift; path = EmojiArtDocument.swift; sourceTree = "<group>"; };
		A1FBFB3D2616550B001965C9 /* EmojiArtExtensions.swift */ = {isa = PBXFileReference; fileEncoding = 4; lastKnownFileType = sourcecode.swift; path = EmojiArtExtensions.swift; sourceTree = "<group>"; };
/* End PBXFileReference section */

/* Begin PBXFrameworksBuildPhase section */
		A1E7C9E32612AD050023C4DE /* Frameworks */ = {
			isa = PBXFrameworksBuildPhase;
			buildActionMask = 2147483647;
			files = (
			);
			runOnlyForDeploymentPostprocessing = 0;
		};
/* End PBXFrameworksBuildPhase section */

/* Begin PBXGroup section */
		A1E7C9DD2612AD050023C4DE = {
			isa = PBXGroup;
			children = (
				A1E7C9E82612AD050023C4DE /* EmojiArt */,
				A1E7C9E72612AD050023C4DE /* Products */,
			);
			sourceTree = "<group>";
		};
		A1E7C9E72612AD050023C4DE /* Products */ = {
			isa = PBXGroup;
			children = (
				A1E7C9E62612AD050023C4DE /* EmojiArt.app */,
			);
			name = Products;
			sourceTree = "<group>";
		};
		A1E7C9E82612AD050023C4DE /* EmojiArt */ = {
			isa = PBXGroup;
			children = (
				A1E7C9E92612AD050023C4DE /* EmojiArtApp.swift */,
				A1FBFB3D2616550B001965C9 /* EmojiArtExtensions.swift */,
				A1E7C9EB2612AD050023C4DE /* EmojiArtDocumentView.swift */,
				A1270AA62630542600E77FAB /* EmojiArtDocumentPalette.swift */,
				A19CE222262F9FBC00ABA091 /* Spinning.swift */,
				A11AD18226267B1D00B43252 /* AnimatableSystemFontModifier.swift */,
				A11AD17F2626588500B43252 /* OptionalImage.swift */,
				A1173EDB26155C3E0047B355 /* EmojiArt.swift */,
				A14FBB262638F565001860F0 /* Grid.swift */,
				A1E6C82A263B7C6B00AE2966 /* EmojiArtDocumentStore.swift */,
				A1E6C827263B7C6000AE2966 /* EditableText.swift */,
				A14FBB272638F566001860F0 /* GridLayout.swift */,
				A1E7C9F92612AEA40023C4DE /* EmojiArtDocument.swift */,
				A1E6C82D263B867600AE2966 /* EmojiArtDocumentChooser.swift */,
				A1270AA326304D6900E77FAB /* PalleteChooser.swift */,
				A1E7C9ED2612AD070023C4DE /* Assets.xcassets */,
				A1E7C9F22612AD070023C4DE /* Info.plist */,
				A1E7C9EF2612AD070023C4DE /* Preview Content */,
			);
			path = EmojiArt;
			sourceTree = "<group>";
		};
		A1E7C9EF2612AD070023C4DE /* Preview Content */ = {
			isa = PBXGroup;
			children = (
				A1E7C9F02612AD070023C4DE /* Preview Assets.xcassets */,
			);
			path = "Preview Content";
			sourceTree = "<group>";
		};
/* End PBXGroup section */

/* Begin PBXNativeTarget section */
		A1E7C9E52612AD050023C4DE /* EmojiArt */ = {
			isa = PBXNativeTarget;
			buildConfigurationList = A1E7C9F52612AD070023C4DE /* Build configuration list for PBXNativeTarget "EmojiArt" */;
			buildPhases = (
				A1E7C9E22612AD050023C4DE /* Sources */,
				A1E7C9E32612AD050023C4DE /* Frameworks */,
				A1E7C9E42612AD050023C4DE /* Resources */,
			);
			buildRules = (
			);
			dependencies = (
			);
			name = EmojiArt;
			productName = EmojiArt;
			productReference = A1E7C9E62612AD050023C4DE /* EmojiArt.app */;
			productType = "com.apple.product-type.application";
		};
/* End PBXNativeTarget section */

/* Begin PBXProject section */
		A1E7C9DE2612AD050023C4DE /* Project object */ = {
			isa = PBXProject;
			attributes = {
				LastSwiftUpdateCheck = 1220;
				LastUpgradeCheck = 1220;
				TargetAttributes = {
					A1E7C9E52612AD050023C4DE = {
						CreatedOnToolsVersion = 12.2;
					};
				};
			};
			buildConfigurationList = A1E7C9E12612AD050023C4DE /* Build configuration list for PBXProject "EmojiArt" */;
			compatibilityVersion = "Xcode 9.3";
			developmentRegion = en;
			hasScannedForEncodings = 0;
			knownRegions = (
				en,
				Base,
			);
			mainGroup = A1E7C9DD2612AD050023C4DE;
			productRefGroup = A1E7C9E72612AD050023C4DE /* Products */;
			projectDirPath = "";
			projectRoot = "";
			targets = (
				A1E7C9E52612AD050023C4DE /* EmojiArt */,
			);
		};
/* End PBXProject section */

/* Begin PBXResourcesBuildPhase section */
		A1E7C9E42612AD050023C4DE /* Resources */ = {
			isa = PBXResourcesBuildPhase;
			buildActionMask = 2147483647;
			files = (
				A1E7C9F12612AD070023C4DE /* Preview Assets.xcassets in Resources */,
				A1E7C9EE2612AD070023C4DE /* Assets.xcassets in Resources */,
			);
			runOnlyForDeploymentPostprocessing = 0;
		};
/* End PBXResourcesBuildPhase section */

/* Begin PBXSourcesBuildPhase section */
		A1E7C9E22612AD050023C4DE /* Sources */ = {
			isa = PBXSourcesBuildPhase;
			buildActionMask = 2147483647;
			files = (
				A11AD18326267B1D00B43252 /* AnimatableSystemFontModifier.swift in Sources */,
				A1173EDC26155C3E0047B355 /* EmojiArt.swift in Sources */,
				A1FBFB3E2616550C001965C9 /* EmojiArtExtensions.swift in Sources */,
				A14FBB292638F566001860F0 /* GridLayout.swift in Sources */,
				A1270AA426304D6900E77FAB /* PalleteChooser.swift in Sources */,
				A1E6C828263B7C6000AE2966 /* EditableText.swift in Sources */,
				A14FBB282638F566001860F0 /* Grid.swift in Sources */,
				A1E7C9EC2612AD050023C4DE /* EmojiArtDocumentView.swift in Sources */,
				A1270AA72630542600E77FAB /* EmojiArtDocumentPalette.swift in Sources */,
				A1E6C82B263B7C6B00AE2966 /* EmojiArtDocumentStore.swift in Sources */,
				A11AD1802626588500B43252 /* OptionalImage.swift in Sources */,
				A1E6C82E263B867600AE2966 /* EmojiArtDocumentChooser.swift in Sources */,
				A1E7C9FA2612AEA40023C4DE /* EmojiArtDocument.swift in Sources */,
				A1E7C9EA2612AD050023C4DE /* EmojiArtApp.swift in Sources */,
				A19CE223262F9FBC00ABA091 /* Spinning.swift in Sources */,
			);
			runOnlyForDeploymentPostprocessing = 0;
		};
/* End PBXSourcesBuildPhase section */

/* Begin XCBuildConfiguration section */
		A1E7C9F32612AD070023C4DE /* Debug */ = {
			isa = XCBuildConfiguration;
			buildSettings = {
				ALWAYS_SEARCH_USER_PATHS = NO;
				CLANG_ANALYZER_NONNULL = YES;
				CLANG_ANALYZER_NUMBER_OBJECT_CONVERSION = YES_AGGRESSIVE;
				CLANG_CXX_LANGUAGE_STANDARD = "gnu++14";
				CLANG_CXX_LIBRARY = "libc++";
				CLANG_ENABLE_MODULES = YES;
				CLANG_ENABLE_OBJC_ARC = YES;
				CLANG_ENABLE_OBJC_WEAK = YES;
				CLANG_WARN_BLOCK_CAPTURE_AUTORELEASING = YES;
				CLANG_WARN_BOOL_CONVERSION = YES;
				CLANG_WARN_COMMA = YES;
				CLANG_WARN_CONSTANT_CONVERSION = YES;
				CLANG_WARN_DEPRECATED_OBJC_IMPLEMENTATIONS = YES;
				CLANG_WARN_DIRECT_OBJC_ISA_USAGE = YES_ERROR;
				CLANG_WARN_DOCUMENTATION_COMMENTS = YES;
				CLANG_WARN_EMPTY_BODY = YES;
				CLANG_WARN_ENUM_CONVERSION = YES;
				CLANG_WARN_INFINITE_RECURSION = YES;
				CLANG_WARN_INT_CONVERSION = YES;
				CLANG_WARN_NON_LITERAL_NULL_CONVERSION = YES;
				CLANG_WARN_OBJC_IMPLICIT_RETAIN_SELF = YES;
				CLANG_WARN_OBJC_LITERAL_CONVERSION = YES;
				CLANG_WARN_OBJC_ROOT_CLASS = YES_ERROR;
				CLANG_WARN_QUOTED_INCLUDE_IN_FRAMEWORK_HEADER = YES;
				CLANG_WARN_RANGE_LOOP_ANALYSIS = YES;
				CLANG_WARN_STRICT_PROTOTYPES = YES;
				CLANG_WARN_SUSPICIOUS_MOVE = YES;
				CLANG_WARN_UNGUARDED_AVAILABILITY = YES_AGGRESSIVE;
				CLANG_WARN_UNREACHABLE_CODE = YES;
				CLANG_WARN__DUPLICATE_METHOD_MATCH = YES;
				COPY_PHASE_STRIP = NO;
				DEBUG_INFORMATION_FORMAT = dwarf;
				ENABLE_STRICT_OBJC_MSGSEND = YES;
				ENABLE_TESTABILITY = YES;
				GCC_C_LANGUAGE_STANDARD = gnu11;
				GCC_DYNAMIC_NO_PIC = NO;
				GCC_NO_COMMON_BLOCKS = YES;
				GCC_OPTIMIZATION_LEVEL = 0;
				GCC_PREPROCESSOR_DEFINITIONS = (
					"DEBUG=1",
					"$(inherited)",
				);
				GCC_WARN_64_TO_32_BIT_CONVERSION = YES;
				GCC_WARN_ABOUT_RETURN_TYPE = YES_ERROR;
				GCC_WARN_UNDECLARED_SELECTOR = YES;
				GCC_WARN_UNINITIALIZED_AUTOS = YES_AGGRESSIVE;
				GCC_WARN_UNUSED_FUNCTION = YES;
				GCC_WARN_UNUSED_VARIABLE = YES;
				IPHONEOS_DEPLOYMENT_TARGET = 14.2;
				MTL_ENABLE_DEBUG_INFO = INCLUDE_SOURCE;
				MTL_FAST_MATH = YES;
				ONLY_ACTIVE_ARCH = YES;
				SDKROOT = iphoneos;
				SWIFT_ACTIVE_COMPILATION_CONDITIONS = DEBUG;
				SWIFT_OPTIMIZATION_LEVEL = "-Onone";
			};
			name = Debug;
		};
		A1E7C9F42612AD070023C4DE /* Release */ = {
			isa = XCBuildConfiguration;
			buildSettings = {
				ALWAYS_SEARCH_USER_PATHS = NO;
				CLANG_ANALYZER_NONNULL = YES;
				CLANG_ANALYZER_NUMBER_OBJECT_CONVERSION = YES_AGGRESSIVE;
				CLANG_CXX_LANGUAGE_STANDARD = "gnu++14";
				CLANG_CXX_LIBRARY = "libc++";
				CLANG_ENABLE_MODULES = YES;
				CLANG_ENABLE_OBJC_ARC = YES;
				CLANG_ENABLE_OBJC_WEAK = YES;
				CLANG_WARN_BLOCK_CAPTURE_AUTORELEASING = YES;
				CLANG_WARN_BOOL_CONVERSION = YES;
				CLANG_WARN_COMMA = YES;
				CLANG_WARN_CONSTANT_CONVERSION = YES;
				CLANG_WARN_DEPRECATED_OBJC_IMPLEMENTATIONS = YES;
				CLANG_WARN_DIRECT_OBJC_ISA_USAGE = YES_ERROR;
				CLANG_WARN_DOCUMENTATION_COMMENTS = YES;
				CLANG_WARN_EMPTY_BODY = YES;
				CLANG_WARN_ENUM_CONVERSION = YES;
				CLANG_WARN_INFINITE_RECURSION = YES;
				CLANG_WARN_INT_CONVERSION = YES;
				CLANG_WARN_NON_LITERAL_NULL_CONVERSION = YES;
				CLANG_WARN_OBJC_IMPLICIT_RETAIN_SELF = YES;
				CLANG_WARN_OBJC_LITERAL_CONVERSION = YES;
				CLANG_WARN_OBJC_ROOT_CLASS = YES_ERROR;
				CLANG_WARN_QUOTED_INCLUDE_IN_FRAMEWORK_HEADER = YES;
				CLANG_WARN_RANGE_LOOP_ANALYSIS = YES;
				CLANG_WARN_STRICT_PROTOTYPES = YES;
				CLANG_WARN_SUSPICIOUS_MOVE = YES;
				CLANG_WARN_UNGUARDED_AVAILABILITY = YES_AGGRESSIVE;
				CLANG_WARN_UNREACHABLE_CODE = YES;
				CLANG_WARN__DUPLICATE_METHOD_MATCH = YES;
				COPY_PHASE_STRIP = NO;
				DEBUG_INFORMATION_FORMAT = "dwarf-with-dsym";
				ENABLE_NS_ASSERTIONS = NO;
				ENABLE_STRICT_OBJC_MSGSEND = YES;
				GCC_C_LANGUAGE_STANDARD = gnu11;
				GCC_NO_COMMON_BLOCKS = YES;
				GCC_WARN_64_TO_32_BIT_CONVERSION = YES;
				GCC_WARN_ABOUT_RETURN_TYPE = YES_ERROR;
				GCC_WARN_UNDECLARED_SELECTOR = YES;
				GCC_WARN_UNINITIALIZED_AUTOS = YES_AGGRESSIVE;
				GCC_WARN_UNUSED_FUNCTION = YES;
				GCC_WARN_UNUSED_VARIABLE = YES;
				IPHONEOS_DEPLOYMENT_TARGET = 14.2;
				MTL_ENABLE_DEBUG_INFO = NO;
				MTL_FAST_MATH = YES;
				SDKROOT = iphoneos;
				SWIFT_COMPILATION_MODE = wholemodule;
				SWIFT_OPTIMIZATION_LEVEL = "-O";
				VALIDATE_PRODUCT = YES;
			};
			name = Release;
		};
		A1E7C9F62612AD070023C4DE /* Debug */ = {
			isa = XCBuildConfiguration;
			buildSettings = {
				ASSETCATALOG_COMPILER_APPICON_NAME = AppIcon;
				ASSETCATALOG_COMPILER_GLOBAL_ACCENT_COLOR_NAME = AccentColor;
				CODE_SIGN_STYLE = Automatic;
				DEVELOPMENT_ASSET_PATHS = "\"EmojiArt/Preview Content\"";
				DEVELOPMENT_TEAM = 9JZ29X7DB3;
				ENABLE_PREVIEWS = YES;
				INFOPLIST_FILE = EmojiArt/Info.plist;
				IPHONEOS_DEPLOYMENT_TARGET = 14.0;
				LD_RUNPATH_SEARCH_PATHS = (
					"$(inherited)",
					"@executable_path/Frameworks",
				);
				PRODUCT_BUNDLE_IDENTIFIER = com.KiwiSoftware.EmojiArt;
				PRODUCT_NAME = "$(TARGET_NAME)";
				SWIFT_VERSION = 5.0;
				TARGETED_DEVICE_FAMILY = "1,2";
			};
			name = Debug;
		};
		A1E7C9F72612AD070023C4DE /* Release */ = {
			isa = XCBuildConfiguration;
			buildSettings = {
				ASSETCATALOG_COMPILER_APPICON_NAME = AppIcon;
				ASSETCATALOG_COMPILER_GLOBAL_ACCENT_COLOR_NAME = AccentColor;
				CODE_SIGN_STYLE = Automatic;
				DEVELOPMENT_ASSET_PATHS = "\"EmojiArt/Preview Content\"";
				DEVELOPMENT_TEAM = 9JZ29X7DB3;
				ENABLE_PREVIEWS = YES;
				INFOPLIST_FILE = EmojiArt/Info.plist;
				IPHONEOS_DEPLOYMENT_TARGET = 14.0;
				LD_RUNPATH_SEARCH_PATHS = (
					"$(inherited)",
					"@executable_path/Frameworks",
				);
				PRODUCT_BUNDLE_IDENTIFIER = com.KiwiSoftware.EmojiArt;
				PRODUCT_NAME = "$(TARGET_NAME)";
				SWIFT_VERSION = 5.0;
				TARGETED_DEVICE_FAMILY = "1,2";
			};
			name = Release;
		};
/* End XCBuildConfiguration section */

/* Begin XCConfigurationList section */
		A1E7C9E12612AD050023C4DE /* Build configuration list for PBXProject "EmojiArt" */ = {
			isa = XCConfigurationList;
			buildConfigurations = (
				A1E7C9F32612AD070023C4DE /* Debug */,
				A1E7C9F42612AD070023C4DE /* Release */,
			);
			defaultConfigurationIsVisible = 0;
			defaultConfigurationName = Release;
		};
		A1E7C9F52612AD070023C4DE /* Build configuration list for PBXNativeTarget "EmojiArt" */ = {
			isa = XCConfigurationList;
			buildConfigurations = (
				A1E7C9F62612AD070023C4DE /* Debug */,
				A1E7C9F72612AD070023C4DE /* Release */,
			);
			defaultConfigurationIsVisible = 0;
			defaultConfigurationName = Release;
		};
/* End XCConfigurationList section */
	};
	rootObject = A1E7C9DE2612AD050023C4DE /* Project object */;
}
